{
  "name": "mypage",
  "version": "1.0.0",
  "lockfileVersion": 3,
  "requires": true,
  "packages": {
    "": {
      "name": "mypage",
      "version": "1.0.0",
      "license": "ISC",
      "dependencies": {
        "motion": "^12.26.2"
      },
      "devDependencies": {
        "turbo": "^2.7.5"
      }
    },
    "node_modules/framer-motion": {
      "version": "12.26.2",
      "resolved": "https://registry.npmjs.org/framer-motion/-/framer-motion-12.26.2.tgz",
      "integrity": "sha512-lflOQEdjquUi9sCg5Y1LrsZDlsjrHw7m0T9Yedvnk7Bnhqfkc89/Uha10J3CFhkL+TCZVCRw9eUGyM/lyYhXQA==",
      "license": "MIT",
      "dependencies": {
        "motion-dom": "^12.26.2",
        "motion-utils": "^12.24.10",
        "tslib": "^2.4.0"
      },
      "peerDependencies": {
        "@emotion/is-prop-valid": "*",
        "react": "^18.0.0 || ^19.0.0",
        "react-dom": "^18.0.0 || ^19.0.0"
      },
      "peerDependenciesMeta": {
        "@emotion/is-prop-valid": {
          "optional": true
        },
        "react": {
          "optional": true
        },
        "react-dom": {
          "optional": true
        }
      }
    },
    "node_modules/motion": {
      "version": "12.26.2",
      "resolved": "https://registry.npmjs.org/motion/-/motion-12.26.2.tgz",
      "integrity": "sha512-2Q6g0zK1gUJKhGT742DAe42LgietcdiJ3L3OcYAHCQaC1UkLnn6aC8S/obe4CxYTLAgid2asS1QdQ/blYfo5dw==",
      "license": "MIT",
      "dependencies": {
        "framer-motion": "^12.26.2",
        "tslib": "^2.4.0"
      },
      "peerDependencies": {
        "@emotion/is-prop-valid": "*",
        "react": "^18.0.0 || ^19.0.0",
        "react-dom": "^18.0.0 || ^19.0.0"
      },
      "peerDependenciesMeta": {
        "@emotion/is-prop-valid": {
          "optional": true
        },
        "react": {
          "optional": true
        },
        "react-dom": {
          "optional": true
        }
      }
    },
    "node_modules/motion-dom": {
      "version": "12.26.2",
      "resolved": "https://registry.npmjs.org/motion-dom/-/motion-dom-12.26.2.tgz",
      "integrity": "sha512-KLMT1BroY8oKNeliA3JMNJ+nbCIsTKg6hJpDb4jtRAJ7nCKnnpg/LTq/NGqG90Limitz3kdAnAVXecdFVGlWTw==",
      "license": "MIT",
      "dependencies": {
        "motion-utils": "^12.24.10"
      }
    },
    "node_modules/motion-utils": {
      "version": "12.24.10",
      "resolved": "https://registry.npmjs.org/motion-utils/-/motion-utils-12.24.10.tgz",
      "integrity": "sha512-x5TFgkCIP4pPsRLpKoI86jv/q8t8FQOiM/0E8QKBzfMozWHfkKap2gA1hOki+B5g3IsBNpxbUnfOum1+dgvYww==",
      "license": "MIT"
    },
    "node_modules/tslib": {
      "version": "2.8.1",
      "resolved": "https://registry.npmjs.org/tslib/-/tslib-2.8.1.tgz",
      "integrity": "sha512-oJFu94HQb+KVduSUQL7wnpmqnfmLsOA/nAh6b6EH0wCEoK0/mPeXU6c3wKDV83MkOuHPRHtSXKKU99IBazS/2w==",
      "license": "0BSD"
    },
    "node_modules/turbo": {
      "version": "2.7.5",
      "resolved": "https://registry.npmjs.org/turbo/-/turbo-2.7.5.tgz",
      "integrity": "sha512-7Imdmg37joOloTnj+DPrab9hIaQcDdJ5RwSzcauo/wMOSAgO+A/I/8b3hsGGs6PWQz70m/jkPgdqWsfNKtwwDQ==",
      "dev": true,
      "license": "MIT",
      "bin": {
        "turbo": "bin/turbo"
      },
      "optionalDependencies": {
        "turbo-darwin-64": "2.7.5",
        "turbo-darwin-arm64": "2.7.5",
        "turbo-linux-64": "2.7.5",
        "turbo-linux-arm64": "2.7.5",
        "turbo-windows-64": "2.7.5",
        "turbo-windows-arm64": "2.7.5"
      }
    },
    "node_modules/turbo-darwin-64": {
      "version": "2.7.5",
      "resolved": "https://registry.npmjs.org/turbo-darwin-64/-/turbo-darwin-64-2.7.5.tgz",
      "integrity": "sha512-nN3wfLLj4OES/7awYyyM7fkU8U8sAFxsXau2bYJwAWi6T09jd87DgHD8N31zXaJ7LcpyppHWPRI2Ov9MuZEwnQ==",
      "cpu": [
        "x64"
      ],
      "dev": true,
      "license": "MIT",
      "optional": true,
      "os": [
        "darwin"
      ]
    },
    "node_modules/turbo-darwin-arm64": {
      "version": "2.7.5",
      "resolved": "https://registry.npmjs.org/turbo-darwin-arm64/-/turbo-darwin-arm64-2.7.5.tgz",
      "integrity": "sha512-wCoDHMiTf3FgLAbZHDDx/unNNonSGhsF5AbbYODbxnpYyoKDpEYacUEPjZD895vDhNvYCH0Nnk24YsP4n/cD6g==",
      "cpu": [
        "arm64"
      ],
      "dev": true,
      "license": "MIT",
      "optional": true,
      "os": [
        "darwin"
      ]
    },
    "node_modules/turbo-linux-64": {
      "version": "2.7.5",
      "resolved": "https://registry.npmjs.org/turbo-linux-64/-/turbo-linux-64-2.7.5.tgz",
      "integrity": "sha512-KKPvhOmJMmzWj/yjeO4LywkQ85vOJyhru7AZk/+c4B6OUh/odQ++SiIJBSbTG2lm1CuV5gV5vXZnf/2AMlu3Zg==",
      "cpu": [
        "x64"
      ],
      "dev": true,
      "license": "MIT",
      "optional": true,
      "os": [
        "linux"
      ]
    },
    "node_modules/turbo-linux-arm64": {
      "version": "2.7.5",
      "resolved": "https://registry.npmjs.org/turbo-linux-arm64/-/turbo-linux-arm64-2.7.5.tgz",
      "integrity": "sha512-8PIva4L6BQhiPikUTds9lSFSHXVDAsEvV6QUlgwPsXrtXVQMVi6Sv9p+IxtlWQFvGkdYJUgX9GnK2rC030Xcmw==",
      "cpu": [
        "arm64"
      ],
      "dev": true,
      "license": "MIT",
      "optional": true,
      "os": [
        "linux"
      ]
    },
    "node_modules/turbo-windows-64": {
      "version": "2.7.5",
      "resolved": "https://registry.npmjs.org/turbo-windows-64/-/turbo-windows-64-2.7.5.tgz",
      "integrity": "sha512-rupskv/mkIUgQXzX/wUiK00mKMorQcK8yzhGFha/D5lm05FEnLx8dsip6rWzMcVpvh+4GUMA56PgtnOgpel2AA==",
      "cpu": [
        "x64"
      ],
      "dev": true,
      "license": "MIT",
      "optional": true,
      "os": [
        "win32"
      ]
    },
    "node_modules/turbo-windows-arm64": {
      "version": "2.7.5",
      "resolved": "https://registry.npmjs.org/turbo-windows-arm64/-/turbo-windows-arm64-2.7.5.tgz",
      "integrity": "sha512-G377Gxn6P42RnCzfMyDvsqQV7j69kVHKlhz9J4RhtJOB5+DyY4yYh/w0oTIxZQ4JRMmhjwLu3w9zncMoQ6nNDw==",
      "cpu": [
        "arm64"
      ],
      "dev": true,
      "license": "MIT",
      "optional": true,
      "os": [
        "win32"
      ]
    }
  }
}
